// !$*UTF8*$!
{
	archiveVersion = 1;
	classes = {
	};
	objectVersion = 56;
	objects = {

/* Begin PBXBuildFile section */
		5329188B2B49960E001A20FC /* ReRouter2App.swift in Sources */ = {isa = PBXBuildFile; fileRef = 5329188A2B49960E001A20FC /* ReRouter2App.swift */; };
		5329188F2B49960F001A20FC /* Assets.xcassets in Resources */ = {isa = PBXBuildFile; fileRef = 5329188E2B49960F001A20FC /* Assets.xcassets */; };
		532918922B49960F001A20FC /* Preview Assets.xcassets in Resources */ = {isa = PBXBuildFile; fileRef = 532918912B49960F001A20FC /* Preview Assets.xcassets */; };
		532918A12B49989A001A20FC /* LocationManager.swift in Sources */ = {isa = PBXBuildFile; fileRef = 532918A02B49989A001A20FC /* LocationManager.swift */; };
		532918A72B4998B2001A20FC /* CLLocationCoordinate2D+Extensions.swift in Sources */ = {isa = PBXBuildFile; fileRef = 532918A22B4998B2001A20FC /* CLLocationCoordinate2D+Extensions.swift */; };
		532918A82B4998B2001A20FC /* MeasurementFormatter+Extensions.swift in Sources */ = {isa = PBXBuildFile; fileRef = 532918A32B4998B2001A20FC /* MeasurementFormatter+Extensions.swift */; };
		532918A92B4998B2001A20FC /* Measurement+Extensions.swift in Sources */ = {isa = PBXBuildFile; fileRef = 532918A42B4998B2001A20FC /* Measurement+Extensions.swift */; };
		532918AA2B4998B2001A20FC /* MKCoordinateRegion+Extensions.swift in Sources */ = {isa = PBXBuildFile; fileRef = 532918A52B4998B2001A20FC /* MKCoordinateRegion+Extensions.swift */; };
		532918AB2B4998B2001A20FC /* DistanceUnit.swift in Sources */ = {isa = PBXBuildFile; fileRef = 532918A62B4998B2001A20FC /* DistanceUnit.swift */; };
		532918AD2B4998C7001A20FC /* DestinationsView.swift in Sources */ = {isa = PBXBuildFile; fileRef = 532918AC2B4998C7001A20FC /* DestinationsView.swift */; };
		532918B52B4998D5001A20FC /* SearchOptionsView.swift in Sources */ = {isa = PBXBuildFile; fileRef = 532918AE2B4998D5001A20FC /* SearchOptionsView.swift */; };
		532918B62B4998D5001A20FC /* PlaceView.swift in Sources */ = {isa = PBXBuildFile; fileRef = 532918AF2B4998D5001A20FC /* PlaceView.swift */; };
		532918B72B4998D5001A20FC /* SearchBarView.swift in Sources */ = {isa = PBXBuildFile; fileRef = 532918B02B4998D5001A20FC /* SearchBarView.swift */; };
		532918B82B4998D5001A20FC /* SearchScreen.swift in Sources */ = {isa = PBXBuildFile; fileRef = 532918B12B4998D5001A20FC /* SearchScreen.swift */; };
		532918B92B4998D5001A20FC /* PlaceListView.swift in Sources */ = {isa = PBXBuildFile; fileRef = 532918B22B4998D5001A20FC /* PlaceListView.swift */; };
		532918BA2B4998D5001A20FC /* ActionButtons.swift in Sources */ = {isa = PBXBuildFile; fileRef = 532918B32B4998D5001A20FC /* ActionButtons.swift */; };
		532918BB2B4998D5001A20FC /* SelectedPlaceDetailView.swift in Sources */ = {isa = PBXBuildFile; fileRef = 532918B42B4998D5001A20FC /* SelectedPlaceDetailView.swift */; };
		532918BD2B49990A001A20FC /* RouteView.swift in Sources */ = {isa = PBXBuildFile; fileRef = 532918BC2B49990A001A20FC /* RouteView.swift */; };
		532918C02B49991D001A20FC /* DistanceFormatter.swift in Sources */ = {isa = PBXBuildFile; fileRef = 532918BE2B49991D001A20FC /* DistanceFormatter.swift */; };
		532918C12B49991D001A20FC /* MapUtilities.swift in Sources */ = {isa = PBXBuildFile; fileRef = 532918BF2B49991D001A20FC /* MapUtilities.swift */; };
		532918C42B49994E001A20FC /* Settings.swift in Sources */ = {isa = PBXBuildFile; fileRef = 532918C22B49994E001A20FC /* Settings.swift */; };
		532918C52B49994E001A20FC /* SettingsView.swift in Sources */ = {isa = PBXBuildFile; fileRef = 532918C32B49994E001A20FC /* SettingsView.swift */; };
		532918C72B4999F5001A20FC /* ContentView.swift in Sources */ = {isa = PBXBuildFile; fileRef = 532918C62B4999F5001A20FC /* ContentView.swift */; };
/* End PBXBuildFile section */

/* Begin PBXFileReference section */
		532918872B49960E001A20FC /* ReRouter2.app */ = {isa = PBXFileReference; explicitFileType = wrapper.application; includeInIndex = 0; path = ReRouter2.app; sourceTree = BUILT_PRODUCTS_DIR; };
		5329188A2B49960E001A20FC /* ReRouter2App.swift */ = {isa = PBXFileReference; lastKnownFileType = sourcecode.swift; path = ReRouter2App.swift; sourceTree = "<group>"; };
		5329188E2B49960F001A20FC /* Assets.xcassets */ = {isa = PBXFileReference; lastKnownFileType = folder.assetcatalog; path = Assets.xcassets; sourceTree = "<group>"; };
		532918912B49960F001A20FC /* Preview Assets.xcassets */ = {isa = PBXFileReference; lastKnownFileType = folder.assetcatalog; path = "Preview Assets.xcassets"; sourceTree = "<group>"; };
		532918A02B49989A001A20FC /* LocationManager.swift */ = {isa = PBXFileReference; fileEncoding = 4; lastKnownFileType = sourcecode.swift; path = LocationManager.swift; sourceTree = "<group>"; };
		532918A22B4998B2001A20FC /* CLLocationCoordinate2D+Extensions.swift */ = {isa = PBXFileReference; fileEncoding = 4; lastKnownFileType = sourcecode.swift; path = "CLLocationCoordinate2D+Extensions.swift"; sourceTree = "<group>"; };
		532918A32B4998B2001A20FC /* MeasurementFormatter+Extensions.swift */ = {isa = PBXFileReference; fileEncoding = 4; lastKnownFileType = sourcecode.swift; path = "MeasurementFormatter+Extensions.swift"; sourceTree = "<group>"; };
		532918A42B4998B2001A20FC /* Measurement+Extensions.swift */ = {isa = PBXFileReference; fileEncoding = 4; lastKnownFileType = sourcecode.swift; path = "Measurement+Extensions.swift"; sourceTree = "<group>"; };
		532918A52B4998B2001A20FC /* MKCoordinateRegion+Extensions.swift */ = {isa = PBXFileReference; fileEncoding = 4; lastKnownFileType = sourcecode.swift; path = "MKCoordinateRegion+Extensions.swift"; sourceTree = "<group>"; };
		532918A62B4998B2001A20FC /* DistanceUnit.swift */ = {isa = PBXFileReference; fileEncoding = 4; lastKnownFileType = sourcecode.swift; path = DistanceUnit.swift; sourceTree = "<group>"; };
		532918AC2B4998C7001A20FC /* DestinationsView.swift */ = {isa = PBXFileReference; fileEncoding = 4; lastKnownFileType = sourcecode.swift; path = DestinationsView.swift; sourceTree = "<group>"; };
		532918AE2B4998D5001A20FC /* SearchOptionsView.swift */ = {isa = PBXFileReference; fileEncoding = 4; lastKnownFileType = sourcecode.swift; path = SearchOptionsView.swift; sourceTree = "<group>"; };
		532918AF2B4998D5001A20FC /* PlaceView.swift */ = {isa = PBXFileReference; fileEncoding = 4; lastKnownFileType = sourcecode.swift; path = PlaceView.swift; sourceTree = "<group>"; };
		532918B02B4998D5001A20FC /* SearchBarView.swift */ = {isa = PBXFileReference; fileEncoding = 4; lastKnownFileType = sourcecode.swift; path = SearchBarView.swift; sourceTree = "<group>"; };
		532918B12B4998D5001A20FC /* SearchScreen.swift */ = {isa = PBXFileReference; fileEncoding = 4; lastKnownFileType = sourcecode.swift; path = SearchScreen.swift; sourceTree = "<group>"; };
		532918B22B4998D5001A20FC /* PlaceListView.swift */ = {isa = PBXFileReference; fileEncoding = 4; lastKnownFileType = sourcecode.swift; path = PlaceListView.swift; sourceTree = "<group>"; };
		532918B32B4998D5001A20FC /* ActionButtons.swift */ = {isa = PBXFileReference; fileEncoding = 4; lastKnownFileType = sourcecode.swift; path = ActionButtons.swift; sourceTree = "<group>"; };
		532918B42B4998D5001A20FC /* SelectedPlaceDetailView.swift */ = {isa = PBXFileReference; fileEncoding = 4; lastKnownFileType = sourcecode.swift; path = SelectedPlaceDetailView.swift; sourceTree = "<group>"; };
		532918BC2B49990A001A20FC /* RouteView.swift */ = {isa = PBXFileReference; fileEncoding = 4; lastKnownFileType = sourcecode.swift; path = RouteView.swift; sourceTree = "<group>"; };
		532918BE2B49991D001A20FC /* DistanceFormatter.swift */ = {isa = PBXFileReference; fileEncoding = 4; lastKnownFileType = sourcecode.swift; path = DistanceFormatter.swift; sourceTree = "<group>"; };
		532918BF2B49991D001A20FC /* MapUtilities.swift */ = {isa = PBXFileReference; fileEncoding = 4; lastKnownFileType = sourcecode.swift; path = MapUtilities.swift; sourceTree = "<group>"; };
		532918C22B49994E001A20FC /* Settings.swift */ = {isa = PBXFileReference; fileEncoding = 4; lastKnownFileType = sourcecode.swift; path = Settings.swift; sourceTree = "<group>"; };
		532918C32B49994E001A20FC /* SettingsView.swift */ = {isa = PBXFileReference; fileEncoding = 4; lastKnownFileType = sourcecode.swift; path = SettingsView.swift; sourceTree = "<group>"; };
		532918C62B4999F5001A20FC /* ContentView.swift */ = {isa = PBXFileReference; fileEncoding = 4; lastKnownFileType = sourcecode.swift; path = ContentView.swift; sourceTree = "<group>"; };
/* End PBXFileReference section */

/* Begin PBXFrameworksBuildPhase section */
		532918842B49960E001A20FC /* Frameworks */ = {
			isa = PBXFrameworksBuildPhase;
			buildActionMask = 2147483647;
			files = (
			);
			runOnlyForDeploymentPostprocessing = 0;
		};
/* End PBXFrameworksBuildPhase section */

/* Begin PBXGroup section */
		5329187E2B49960E001A20FC = {
			isa = PBXGroup;
			children = (
				532918892B49960E001A20FC /* ReRouter2 */,
				532918882B49960E001A20FC /* Products */,
			);
			sourceTree = "<group>";
		};
		532918882B49960E001A20FC /* Products */ = {
			isa = PBXGroup;
			children = (
				532918872B49960E001A20FC /* ReRouter2.app */,
			);
			name = Products;
			sourceTree = "<group>";
		};
		532918892B49960E001A20FC /* ReRouter2 */ = {
			isa = PBXGroup;
			children = (
				532918982B499754001A20FC /* Settings */,
				532918992B499766001A20FC /* Utils */,
				5329189A2B499778001A20FC /* Views */,
				5329189E2B4997F6001A20FC /* Extensions */,
				5329189F2B49980A001A20FC /* Managers */,
				5329188A2B49960E001A20FC /* ReRouter2App.swift */,
				5329188E2B49960F001A20FC /* Assets.xcassets */,
				532918902B49960F001A20FC /* Preview Content */,
			);
			path = ReRouter2;
			sourceTree = "<group>";
		};
		532918902B49960F001A20FC /* Preview Content */ = {
			isa = PBXGroup;
			children = (
				532918912B49960F001A20FC /* Preview Assets.xcassets */,
			);
			path = "Preview Content";
			sourceTree = "<group>";
		};
		532918982B499754001A20FC /* Settings */ = {
			isa = PBXGroup;
			children = (
				532918C22B49994E001A20FC /* Settings.swift */,
				532918C32B49994E001A20FC /* SettingsView.swift */,
			);
			path = Settings;
			sourceTree = "<group>";
		};
		532918992B499766001A20FC /* Utils */ = {
			isa = PBXGroup;
			children = (
				532918BE2B49991D001A20FC /* DistanceFormatter.swift */,
				532918BF2B49991D001A20FC /* MapUtilities.swift */,
			);
			path = Utils;
			sourceTree = "<group>";
		};
		5329189A2B499778001A20FC /* Views */ = {
			isa = PBXGroup;
			children = (
				532918C62B4999F5001A20FC /* ContentView.swift */,
				5329189B2B4997AC001A20FC /* RouteViews */,
				5329189C2B4997C3001A20FC /* Search */,
				5329189D2B4997D4001A20FC /* Destinations */,
			);
			path = Views;
			sourceTree = "<group>";
		};
		5329189B2B4997AC001A20FC /* RouteViews */ = {
			isa = PBXGroup;
			children = (
				532918BC2B49990A001A20FC /* RouteView.swift */,
			);
			path = RouteViews;
			sourceTree = "<group>";
		};
		5329189C2B4997C3001A20FC /* Search */ = {
			isa = PBXGroup;
			children = (
				532918B32B4998D5001A20FC /* ActionButtons.swift */,
				532918B22B4998D5001A20FC /* PlaceListView.swift */,
				532918AF2B4998D5001A20FC /* PlaceView.swift */,
				532918B02B4998D5001A20FC /* SearchBarView.swift */,
				532918AE2B4998D5001A20FC /* SearchOptionsView.swift */,
				532918B12B4998D5001A20FC /* SearchScreen.swift */,
				532918B42B4998D5001A20FC /* SelectedPlaceDetailView.swift */,
			);
			path = Search;
			sourceTree = "<group>";
		};
		5329189D2B4997D4001A20FC /* Destinations */ = {
			isa = PBXGroup;
			children = (
				532918AC2B4998C7001A20FC /* DestinationsView.swift */,
			);
			path = Destinations;
			sourceTree = "<group>";
		};
		5329189E2B4997F6001A20FC /* Extensions */ = {
			isa = PBXGroup;
			children = (
				532918A22B4998B2001A20FC /* CLLocationCoordinate2D+Extensions.swift */,
				532918A62B4998B2001A20FC /* DistanceUnit.swift */,
				532918A42B4998B2001A20FC /* Measurement+Extensions.swift */,
				532918A32B4998B2001A20FC /* MeasurementFormatter+Extensions.swift */,
				532918A52B4998B2001A20FC /* MKCoordinateRegion+Extensions.swift */,
			);
			path = Extensions;
			sourceTree = "<group>";
		};
		5329189F2B49980A001A20FC /* Managers */ = {
			isa = PBXGroup;
			children = (
				532918A02B49989A001A20FC /* LocationManager.swift */,
			);
			path = Managers;
			sourceTree = "<group>";
		};
/* End PBXGroup section */

/* Begin PBXNativeTarget section */
		532918862B49960E001A20FC /* ReRouter2 */ = {
			isa = PBXNativeTarget;
			buildConfigurationList = 532918952B49960F001A20FC /* Build configuration list for PBXNativeTarget "ReRouter2" */;
			buildPhases = (
				532918832B49960E001A20FC /* Sources */,
				532918842B49960E001A20FC /* Frameworks */,
				532918852B49960E001A20FC /* Resources */,
			);
			buildRules = (
			);
			dependencies = (
			);
			name = ReRouter2;
			productName = ReRouter2;
			productReference = 532918872B49960E001A20FC /* ReRouter2.app */;
			productType = "com.apple.product-type.application";
		};
/* End PBXNativeTarget section */

/* Begin PBXProject section */
		5329187F2B49960E001A20FC /* Project object */ = {
			isa = PBXProject;
			attributes = {
				BuildIndependentTargetsInParallel = 1;
				LastSwiftUpdateCheck = 1510;
				LastUpgradeCheck = 1510;
				TargetAttributes = {
					532918862B49960E001A20FC = {
						CreatedOnToolsVersion = 15.1;
					};
				};
			};
			buildConfigurationList = 532918822B49960E001A20FC /* Build configuration list for PBXProject "ReRouter2" */;
			compatibilityVersion = "Xcode 14.0";
			developmentRegion = en;
			hasScannedForEncodings = 0;
			knownRegions = (
				en,
				Base,
			);
			mainGroup = 5329187E2B49960E001A20FC;
			productRefGroup = 532918882B49960E001A20FC /* Products */;
			projectDirPath = "";
			projectRoot = "";
			targets = (
				532918862B49960E001A20FC /* ReRouter2 */,
			);
		};
/* End PBXProject section */

/* Begin PBXResourcesBuildPhase section */
		532918852B49960E001A20FC /* Resources */ = {
			isa = PBXResourcesBuildPhase;
			buildActionMask = 2147483647;
			files = (
				532918922B49960F001A20FC /* Preview Assets.xcassets in Resources */,
				5329188F2B49960F001A20FC /* Assets.xcassets in Resources */,
			);
			runOnlyForDeploymentPostprocessing = 0;
		};
/* End PBXResourcesBuildPhase section */

/* Begin PBXSourcesBuildPhase section */
		532918832B49960E001A20FC /* Sources */ = {
			isa = PBXSourcesBuildPhase;
			buildActionMask = 2147483647;
			files = (
				532918C52B49994E001A20FC /* SettingsView.swift in Sources */,
				532918AB2B4998B2001A20FC /* DistanceUnit.swift in Sources */,
				532918C72B4999F5001A20FC /* ContentView.swift in Sources */,
				532918AA2B4998B2001A20FC /* MKCoordinateRegion+Extensions.swift in Sources */,
				532918BA2B4998D5001A20FC /* ActionButtons.swift in Sources */,
				532918BD2B49990A001A20FC /* RouteView.swift in Sources */,
				532918BB2B4998D5001A20FC /* SelectedPlaceDetailView.swift in Sources */,
				5329188B2B49960E001A20FC /* ReRouter2App.swift in Sources */,
				532918B92B4998D5001A20FC /* PlaceListView.swift in Sources */,
				532918B82B4998D5001A20FC /* SearchScreen.swift in Sources */,
				532918C12B49991D001A20FC /* MapUtilities.swift in Sources */,
				532918B72B4998D5001A20FC /* SearchBarView.swift in Sources */,
				532918AD2B4998C7001A20FC /* DestinationsView.swift in Sources */,
				532918A12B49989A001A20FC /* LocationManager.swift in Sources */,
				532918A82B4998B2001A20FC /* MeasurementFormatter+Extensions.swift in Sources */,
				532918C42B49994E001A20FC /* Settings.swift in Sources */,
				532918B52B4998D5001A20FC /* SearchOptionsView.swift in Sources */,
				532918B62B4998D5001A20FC /* PlaceView.swift in Sources */,
				532918C02B49991D001A20FC /* DistanceFormatter.swift in Sources */,
				532918A92B4998B2001A20FC /* Measurement+Extensions.swift in Sources */,
				532918A72B4998B2001A20FC /* CLLocationCoordinate2D+Extensions.swift in Sources */,
			);
			runOnlyForDeploymentPostprocessing = 0;
		};
/* End PBXSourcesBuildPhase section */

/* Begin XCBuildConfiguration section */
		532918932B49960F001A20FC /* Debug */ = {
			isa = XCBuildConfiguration;
			buildSettings = {
				ALWAYS_SEARCH_USER_PATHS = NO;
				ASSETCATALOG_COMPILER_GENERATE_SWIFT_ASSET_SYMBOL_EXTENSIONS = YES;
				CLANG_ANALYZER_NONNULL = YES;
				CLANG_ANALYZER_NUMBER_OBJECT_CONVERSION = YES_AGGRESSIVE;
				CLANG_CXX_LANGUAGE_STANDARD = "gnu++20";
				CLANG_ENABLE_MODULES = YES;
				CLANG_ENABLE_OBJC_ARC = YES;
				CLANG_ENABLE_OBJC_WEAK = YES;
				CLANG_WARN_BLOCK_CAPTURE_AUTORELEASING = YES;
				CLANG_WARN_BOOL_CONVERSION = YES;
				CLANG_WARN_COMMA = YES;
				CLANG_WARN_CONSTANT_CONVERSION = YES;
				CLANG_WARN_DEPRECATED_OBJC_IMPLEMENTATIONS = YES;
				CLANG_WARN_DIRECT_OBJC_ISA_USAGE = YES_ERROR;
				CLANG_WARN_DOCUMENTATION_COMMENTS = YES;
				CLANG_WARN_EMPTY_BODY = YES;
				CLANG_WARN_ENUM_CONVERSION = YES;
				CLANG_WARN_INFINITE_RECURSION = YES;
				CLANG_WARN_INT_CONVERSION = YES;
				CLANG_WARN_NON_LITERAL_NULL_CONVERSION = YES;
				CLANG_WARN_OBJC_IMPLICIT_RETAIN_SELF = YES;
				CLANG_WARN_OBJC_LITERAL_CONVERSION = YES;
				CLANG_WARN_OBJC_ROOT_CLASS = YES_ERROR;
				CLANG_WARN_QUOTED_INCLUDE_IN_FRAMEWORK_HEADER = YES;
				CLANG_WARN_RANGE_LOOP_ANALYSIS = YES;
				CLANG_WARN_STRICT_PROTOTYPES = YES;
				CLANG_WARN_SUSPICIOUS_MOVE = YES;
				CLANG_WARN_UNGUARDED_AVAILABILITY = YES_AGGRESSIVE;
				CLANG_WARN_UNREACHABLE_CODE = YES;
				CLANG_WARN__DUPLICATE_METHOD_MATCH = YES;
				COPY_PHASE_STRIP = NO;
				DEBUG_INFORMATION_FORMAT = dwarf;
				ENABLE_STRICT_OBJC_MSGSEND = YES;
				ENABLE_TESTABILITY = YES;
				ENABLE_USER_SCRIPT_SANDBOXING = YES;
				GCC_C_LANGUAGE_STANDARD = gnu17;
				GCC_DYNAMIC_NO_PIC = NO;
				GCC_NO_COMMON_BLOCKS = YES;
				GCC_OPTIMIZATION_LEVEL = 0;
				GCC_PREPROCESSOR_DEFINITIONS = (
					"DEBUG=1",
					"$(inherited)",
				);
				GCC_WARN_64_TO_32_BIT_CONVERSION = YES;
				GCC_WARN_ABOUT_RETURN_TYPE = YES_ERROR;
				GCC_WARN_UNDECLARED_SELECTOR = YES;
				GCC_WARN_UNINITIALIZED_AUTOS = YES_AGGRESSIVE;
				GCC_WARN_UNUSED_FUNCTION = YES;
				GCC_WARN_UNUSED_VARIABLE = YES;
				IPHONEOS_DEPLOYMENT_TARGET = 17.2;
				LOCALIZATION_PREFERS_STRING_CATALOGS = YES;
				MTL_ENABLE_DEBUG_INFO = INCLUDE_SOURCE;
				MTL_FAST_MATH = YES;
				ONLY_ACTIVE_ARCH = YES;
				SDKROOT = iphoneos;
				SWIFT_ACTIVE_COMPILATION_CONDITIONS = "DEBUG $(inherited)";
				SWIFT_OPTIMIZATION_LEVEL = "-Onone";
			};
			name = Debug;
		};
		532918942B49960F001A20FC /* Release */ = {
			isa = XCBuildConfiguration;
			buildSettings = {
				ALWAYS_SEARCH_USER_PATHS = NO;
				ASSETCATALOG_COMPILER_GENERATE_SWIFT_ASSET_SYMBOL_EXTENSIONS = YES;
				CLANG_ANALYZER_NONNULL = YES;
				CLANG_ANALYZER_NUMBER_OBJECT_CONVERSION = YES_AGGRESSIVE;
				CLANG_CXX_LANGUAGE_STANDARD = "gnu++20";
				CLANG_ENABLE_MODULES = YES;
				CLANG_ENABLE_OBJC_ARC = YES;
				CLANG_ENABLE_OBJC_WEAK = YES;
				CLANG_WARN_BLOCK_CAPTURE_AUTORELEASING = YES;
				CLANG_WARN_BOOL_CONVERSION = YES;
				CLANG_WARN_COMMA = YES;
				CLANG_WARN_CONSTANT_CONVERSION = YES;
				CLANG_WARN_DEPRECATED_OBJC_IMPLEMENTATIONS = YES;
				CLANG_WARN_DIRECT_OBJC_ISA_USAGE = YES_ERROR;
				CLANG_WARN_DOCUMENTATION_COMMENTS = YES;
				CLANG_WARN_EMPTY_BODY = YES;
				CLANG_WARN_ENUM_CONVERSION = YES;
				CLANG_WARN_INFINITE_RECURSION = YES;
				CLANG_WARN_INT_CONVERSION = YES;
				CLANG_WARN_NON_LITERAL_NULL_CONVERSION = YES;
				CLANG_WARN_OBJC_IMPLICIT_RETAIN_SELF = YES;
				CLANG_WARN_OBJC_LITERAL_CONVERSION = YES;
				CLANG_WARN_OBJC_ROOT_CLASS = YES_ERROR;
				CLANG_WARN_QUOTED_INCLUDE_IN_FRAMEWORK_HEADER = YES;
				CLANG_WARN_RANGE_LOOP_ANALYSIS = YES;
				CLANG_WARN_STRICT_PROTOTYPES = YES;
				CLANG_WARN_SUSPICIOUS_MOVE = YES;
				CLANG_WARN_UNGUARDED_AVAILABILITY = YES_AGGRESSIVE;
				CLANG_WARN_UNREACHABLE_CODE = YES;
				CLANG_WARN__DUPLICATE_METHOD_MATCH = YES;
				COPY_PHASE_STRIP = NO;
				DEBUG_INFORMATION_FORMAT = "dwarf-with-dsym";
				ENABLE_NS_ASSERTIONS = NO;
				ENABLE_STRICT_OBJC_MSGSEND = YES;
				ENABLE_USER_SCRIPT_SANDBOXING = YES;
				GCC_C_LANGUAGE_STANDARD = gnu17;
				GCC_NO_COMMON_BLOCKS = YES;
				GCC_WARN_64_TO_32_BIT_CONVERSION = YES;
				GCC_WARN_ABOUT_RETURN_TYPE = YES_ERROR;
				GCC_WARN_UNDECLARED_SELECTOR = YES;
				GCC_WARN_UNINITIALIZED_AUTOS = YES_AGGRESSIVE;
				GCC_WARN_UNUSED_FUNCTION = YES;
				GCC_WARN_UNUSED_VARIABLE = YES;
				IPHONEOS_DEPLOYMENT_TARGET = 17.2;
				LOCALIZATION_PREFERS_STRING_CATALOGS = YES;
				MTL_ENABLE_DEBUG_INFO = NO;
				MTL_FAST_MATH = YES;
				SDKROOT = iphoneos;
				SWIFT_COMPILATION_MODE = wholemodule;
				VALIDATE_PRODUCT = YES;
			};
			name = Release;
		};
		532918962B49960F001A20FC /* Debug */ = {
			isa = XCBuildConfiguration;
			buildSettings = {
				ASSETCATALOG_COMPILER_APPICON_NAME = AppIcon;
				ASSETCATALOG_COMPILER_GLOBAL_ACCENT_COLOR_NAME = AccentColor;
				CODE_SIGN_STYLE = Automatic;
				CURRENT_PROJECT_VERSION = 1;
				DEVELOPMENT_ASSET_PATHS = "\"ReRouter2/Preview Content\"";
				DEVELOPMENT_TEAM = 8GFL38QM4Q;
				ENABLE_PREVIEWS = YES;
				GENERATE_INFOPLIST_FILE = YES;
				INFOPLIST_KEY_NSLocationAlwaysAndWhenInUseUsageDescription = "Location is needed";
				INFOPLIST_KEY_NSLocationAlwaysUsageDescription = "Location is needed";
				INFOPLIST_KEY_NSLocationWhenInUseUsageDescription = "Location is needed";
				INFOPLIST_KEY_UIApplicationSceneManifest_Generation = YES;
				INFOPLIST_KEY_UIApplicationSupportsIndirectInputEvents = YES;
				INFOPLIST_KEY_UILaunchScreen_Generation = YES;
				INFOPLIST_KEY_UISupportedInterfaceOrientations_iPad = "UIInterfaceOrientationPortrait UIInterfaceOrientationPortraitUpsideDown UIInterfaceOrientationLandscapeLeft UIInterfaceOrientationLandscapeRight";
				INFOPLIST_KEY_UISupportedInterfaceOrientations_iPhone = "UIInterfaceOrientationPortrait UIInterfaceOrientationLandscapeLeft UIInterfaceOrientationLandscapeRight";
				LD_RUNPATH_SEARCH_PATHS = (
					"$(inherited)",
					"@executable_path/Frameworks",
				);
				MARKETING_VERSION = 1.0;
				PRODUCT_BUNDLE_IDENTIFIER = com.CasaAdobeSoftware.ReRouter2;
				PRODUCT_NAME = "$(TARGET_NAME)";
				SWIFT_EMIT_LOC_STRINGS = YES;
				SWIFT_VERSION = 5.0;
				TARGETED_DEVICE_FAMILY = "1,2";
			};
			name = Debug;
		};
		532918972B49960F001A20FC /* Release */ = {
			isa = XCBuildConfiguration;
			buildSettings = {
				ASSETCATALOG_COMPILER_APPICON_NAME = AppIcon;
				ASSETCATALOG_COMPILER_GLOBAL_ACCENT_COLOR_NAME = AccentColor;
				CODE_SIGN_STYLE = Automatic;
				CURRENT_PROJECT_VERSION = 1;
				DEVELOPMENT_ASSET_PATHS = "\"ReRouter2/Preview Content\"";
				DEVELOPMENT_TEAM = 8GFL38QM4Q;
				ENABLE_PREVIEWS = YES;
				GENERATE_INFOPLIST_FILE = YES;
				INFOPLIST_KEY_NSLocationAlwaysAndWhenInUseUsageDescription = "Location is needed";
				INFOPLIST_KEY_NSLocationAlwaysUsageDescription = "Location is needed";
				INFOPLIST_KEY_NSLocationWhenInUseUsageDescription = "Location is needed";
				INFOPLIST_KEY_UIApplicationSceneManifest_Generation = YES;
				INFOPLIST_KEY_UIApplicationSupportsIndirectInputEvents = YES;
				INFOPLIST_KEY_UILaunchScreen_Generation = YES;
				INFOPLIST_KEY_UISupportedInterfaceOrientations_iPad = "UIInterfaceOrientationPortrait UIInterfaceOrientationPortraitUpsideDown UIInterfaceOrientationLandscapeLeft UIInterfaceOrientationLandscapeRight";
				INFOPLIST_KEY_UISupportedInterfaceOrientations_iPhone = "UIInterfaceOrientationPortrait UIInterfaceOrientationLandscapeLeft UIInterfaceOrientationLandscapeRight";
				LD_RUNPATH_SEARCH_PATHS = (
					"$(inherited)",
					"@executable_path/Frameworks",
				);
				MARKETING_VERSION = 1.0;
				PRODUCT_BUNDLE_IDENTIFIER = com.CasaAdobeSoftware.ReRouter2;
				PRODUCT_NAME = "$(TARGET_NAME)";
				SWIFT_EMIT_LOC_STRINGS = YES;
				SWIFT_VERSION = 5.0;
				TARGETED_DEVICE_FAMILY = "1,2";
			};
			name = Release;
		};
/* End XCBuildConfiguration section */

/* Begin XCConfigurationList section */
		532918822B49960E001A20FC /* Build configuration list for PBXProject "ReRouter2" */ = {
			isa = XCConfigurationList;
			buildConfigurations = (
				532918932B49960F001A20FC /* Debug */,
				532918942B49960F001A20FC /* Release */,
			);
			defaultConfigurationIsVisible = 0;
			defaultConfigurationName = Release;
		};
		532918952B49960F001A20FC /* Build configuration list for PBXNativeTarget "ReRouter2" */ = {
			isa = XCConfigurationList;
			buildConfigurations = (
				532918962B49960F001A20FC /* Debug */,
				532918972B49960F001A20FC /* Release */,
			);
			defaultConfigurationIsVisible = 0;
			defaultConfigurationName = Release;
		};
/* End XCConfigurationList section */
	};
	rootObject = 5329187F2B49960E001A20FC /* Project object */;
}
